
Microsoft Visual Studio Solution File, Format Version 12.00
# Visual Studio 14
VisualStudioVersion = 14.0.23107.0
MinimumVisualStudioVersion = 10.0.40219.1
Project("{FAE04EC0-301F-11D3-BF4B-00C04F79EFBC}") = "P5_3_1204022", "P5_3_1204022\P5_3_1204022.csproj", "{DB575633-5F44-40D8-9D59-3F5F63BEE7C2}"
EndProject
Project("{FAE04EC0-301F-11D3-BF4B-00C04F79EFBC}") = "WindowsFormsControlLibrary1", "WindowsFormsControlLibrary1\WindowsFormsControlLibrary1.csproj", "{ABEAFAFE-04A9-4FD3-B6F6-2E01173FCC43}"
EndProject
Global
	GlobalSection(SolutionConfigurationPlatforms) = preSolution
		Debug|Any CPU = Debug|Any CPU
		Release|Any CPU = Release|Any CPU
	EndGlobalSection
	GlobalSection(ProjectConfigurationPlatforms) = postSolution
		{DB575633-5F44-40D8-9D59-3F5F63BEE7C2}.Debug|Any CPU.ActiveCfg = Debug|Any CPU
		{DB575633-5F44-40D8-9D59-3F5F63BEE7C2}.Debug|Any CPU.Build.0 = Debug|Any CPU
		{DB575633-5F44-40D8-9D59-3F5F63BEE7C2}.Release|Any CPU.ActiveCfg = Release|Any CPU
		{DB575633-5F44-40D8-9D59-3F5F63BEE7C2}.Release|Any CPU.Build.0 = Release|Any CPU
		{ABEAFAFE-04A9-4FD3-B6F6-2E01173FCC43}.Debug|Any CPU.ActiveCfg = Debug|Any CPU
		{ABEAFAFE-04A9-4FD3-B6F6-2E01173FCC43}.Debug|Any CPU.Build.0 = Debug|Any CPU
		{ABEAFAFE-04A9-4FD3-B6F6-2E01173FCC43}.Release|Any CPU.ActiveCfg = Release|Any CPU
		{ABEAFAFE-04A9-4FD3-B6F6-2E01173FCC43}.Release|Any CPU.Build.0 = Release|Any CPU
	EndGlobalSection
	GlobalSection(SolutionProperties) = preSolution
		HideSolutionNode = FALSE
	EndGlobalSection
EndGlobal
